
Microsoft Visual Studio Solution File, Format Version 12.00
# Visual Studio Version 17
VisualStudioVersion = 17.12.35514.174 d17.12
MinimumVisualStudioVersion = 10.0.40219.1
Project("{FAE04EC0-301F-11D3-BF4B-00C04F79EFBC}") = "alquimia.Api", "alquimia.Api\alquimia.Api.csproj", "{A9ACEF53-C3EF-4ECC-BC9F-54A788C20EE8}"
EndProject
Project("{FAE04EC0-301F-11D3-BF4B-00C04F79EFBC}") = "alquimia.Services", "alquimia.Services\alquimia.Services.csproj", "{1434DA6E-3EB3-442C-BAA5-D9D352D779D4}"
EndProject
Project("{FAE04EC0-301F-11D3-BF4B-00C04F79EFBC}") = "alquimia.Data", "alquimia.Data\alquimia.Data.csproj", "{A83F04A0-4130-42D6-8809-5AE9A92E760E}"
EndProject
Project("{FAE04EC0-301F-11D3-BF4B-00C04F79EFBC}") = "alquimia.Tests", "alquimia.Tests\alquimia.Tests.csproj", "{9605E973-5FAF-48DE-9435-7B37E6933C95}"
EndProject
Global
	GlobalSection(SolutionConfigurationPlatforms) = preSolution
		Debug|Any CPU = Debug|Any CPU
		Release|Any CPU = Release|Any CPU
	EndGlobalSection
	GlobalSection(ProjectConfigurationPlatforms) = postSolution
		{A9ACEF53-C3EF-4ECC-BC9F-54A788C20EE8}.Debug|Any CPU.ActiveCfg = Debug|Any CPU
		{A9ACEF53-C3EF-4ECC-BC9F-54A788C20EE8}.Debug|Any CPU.Build.0 = Debug|Any CPU
		{A9ACEF53-C3EF-4ECC-BC9F-54A788C20EE8}.Release|Any CPU.ActiveCfg = Release|Any CPU
		{A9ACEF53-C3EF-4ECC-BC9F-54A788C20EE8}.Release|Any CPU.Build.0 = Release|Any CPU
		{1434DA6E-3EB3-442C-BAA5-D9D352D779D4}.Debug|Any CPU.ActiveCfg = Debug|Any CPU
		{1434DA6E-3EB3-442C-BAA5-D9D352D779D4}.Debug|Any CPU.Build.0 = Debug|Any CPU
		{1434DA6E-3EB3-442C-BAA5-D9D352D779D4}.Release|Any CPU.ActiveCfg = Release|Any CPU
		{1434DA6E-3EB3-442C-BAA5-D9D352D779D4}.Release|Any CPU.Build.0 = Release|Any CPU
		{A83F04A0-4130-42D6-8809-5AE9A92E760E}.Debug|Any CPU.ActiveCfg = Debug|Any CPU
		{A83F04A0-4130-42D6-8809-5AE9A92E760E}.Debug|Any CPU.Build.0 = Debug|Any CPU
		{A83F04A0-4130-42D6-8809-5AE9A92E760E}.Release|Any CPU.ActiveCfg = Release|Any CPU
		{A83F04A0-4130-42D6-8809-5AE9A92E760E}.Release|Any CPU.Build.0 = Release|Any CPU
		{9605E973-5FAF-48DE-9435-7B37E6933C95}.Debug|Any CPU.ActiveCfg = Debug|Any CPU
		{9605E973-5FAF-48DE-9435-7B37E6933C95}.Debug|Any CPU.Build.0 = Debug|Any CPU
		{9605E973-5FAF-48DE-9435-7B37E6933C95}.Release|Any CPU.ActiveCfg = Release|Any CPU
		{9605E973-5FAF-48DE-9435-7B37E6933C95}.Release|Any CPU.Build.0 = Release|Any CPU
	EndGlobalSection
	GlobalSection(SolutionProperties) = preSolution
		HideSolutionNode = FALSE
	EndGlobalSection
EndGlobal
